
Microsoft Visual Studio Solution File, Format Version 12.00
# Visual Studio Version 16
VisualStudioVersion = 16.0.32602.291
MinimumVisualStudioVersion = 10.0.40219.1
Project("{FAE04EC0-301F-11D3-BF4B-00C04F79EFBC}") = "Bev.IO.SpectrumPod", "Bev.IO.SpectrumPod\Bev.IO.SpectrumPod.csproj", "{4B607A1A-8D7B-44D8-AC37-B064869C3380}"
EndProject
Project("{FAE04EC0-301F-11D3-BF4B-00C04F79EFBC}") = "SpecConverter", "SpecConverter\SpecConverter.csproj", "{7C52AFF0-F062-4E1F-A854-89E3EDD727B5}"
EndProject
Project("{FAE04EC0-301F-11D3-BF4B-00C04F79EFBC}") = "Bev.IO.SpectrumLoader", "Bev.IO.SpectrumLoader\Bev.IO.SpectrumLoader.csproj", "{7FD08A02-BBB8-4C97-AB17-49779C2CA19E}"
EndProject
Global
	GlobalSection(SolutionConfigurationPlatforms) = preSolution
		Debug|Any CPU = Debug|Any CPU
		Release|Any CPU = Release|Any CPU
	EndGlobalSection
	GlobalSection(ProjectConfigurationPlatforms) = postSolution
		{4B607A1A-8D7B-44D8-AC37-B064869C3380}.Debug|Any CPU.ActiveCfg = Debug|Any CPU
		{4B607A1A-8D7B-44D8-AC37-B064869C3380}.Debug|Any CPU.Build.0 = Debug|Any CPU
		{4B607A1A-8D7B-44D8-AC37-B064869C3380}.Release|Any CPU.ActiveCfg = Release|Any CPU
		{4B607A1A-8D7B-44D8-AC37-B064869C3380}.Release|Any CPU.Build.0 = Release|Any CPU
		{7C52AFF0-F062-4E1F-A854-89E3EDD727B5}.Debug|Any CPU.ActiveCfg = Debug|Any CPU
		{7C52AFF0-F062-4E1F-A854-89E3EDD727B5}.Debug|Any CPU.Build.0 = Debug|Any CPU
		{7C52AFF0-F062-4E1F-A854-89E3EDD727B5}.Release|Any CPU.ActiveCfg = Release|Any CPU
		{7C52AFF0-F062-4E1F-A854-89E3EDD727B5}.Release|Any CPU.Build.0 = Release|Any CPU
		{7FD08A02-BBB8-4C97-AB17-49779C2CA19E}.Debug|Any CPU.ActiveCfg = Debug|Any CPU
		{7FD08A02-BBB8-4C97-AB17-49779C2CA19E}.Debug|Any CPU.Build.0 = Debug|Any CPU
		{7FD08A02-BBB8-4C97-AB17-49779C2CA19E}.Release|Any CPU.ActiveCfg = Release|Any CPU
		{7FD08A02-BBB8-4C97-AB17-49779C2CA19E}.Release|Any CPU.Build.0 = Release|Any CPU
	EndGlobalSection
	GlobalSection(SolutionProperties) = preSolution
		HideSolutionNode = FALSE
	EndGlobalSection
	GlobalSection(ExtensibilityGlobals) = postSolution
		SolutionGuid = {B21A19F2-2C8A-43C8-AAA8-2E65E7692B0F}
	EndGlobalSection
EndGlobal
