
Microsoft Visual Studio Solution File, Format Version 12.00
# Visual Studio Version 16
VisualStudioVersion = 16.0.32602.291
MinimumVisualStudioVersion = 10.0.40219.1
Project("{FAE04EC0-301F-11D3-BF4B-00C04F79EFBC}") = "Bev.IO.SpectrumPod", "Bev.IO.SpectrumPod\Bev.IO.SpectrumPod.csproj", "{4B607A1A-8D7B-44D8-AC37-B064869C3380}"
EndProject
Project("{FAE04EC0-301F-11D3-BF4B-00C04F79EFBC}") = "Bev.IO.FileLoader", "Bev.IO.FileLoder\Bev.IO.FileLoader.csproj", "{22B62F4A-5ACC-4A75-B332-3CB578F480AC}"
EndProject
Project("{FAE04EC0-301F-11D3-BF4B-00C04F79EFBC}") = "Bev.IO.PerkinElmerAsciiReader", "Bev.IO.PerkinElmerAsciiReader\Bev.IO.PerkinElmerAsciiReader.csproj", "{947287EA-82AC-45ED-81BF-661775912AC1}"
EndProject
Project("{FAE04EC0-301F-11D3-BF4B-00C04F79EFBC}") = "SpecConverter", "SpecConverter\SpecConverter.csproj", "{7C52AFF0-F062-4E1F-A854-89E3EDD727B5}"
EndProject
Project("{FAE04EC0-301F-11D3-BF4B-00C04F79EFBC}") = "Bev.IO.JcampDxWriter", "Bev.IO.JcampDxWriter\Bev.IO.JcampDxWriter.csproj", "{5BA884D0-6EAE-4904-B078-33D2285956C5}"
EndProject
Project("{FAE04EC0-301F-11D3-BF4B-00C04F79EFBC}") = "Bev.IO.MmSpcReader", "Bev.IO.MmSpcReader\Bev.IO.MmSpcReader.csproj", "{31E6B202-AC34-4202-A362-0D6C213F706D}"
EndProject
Project("{FAE04EC0-301F-11D3-BF4B-00C04F79EFBC}") = "Bev.IO.MmSpcWriter", "Bev.IO.MmSpcWriter\Bev.IO.MmSpcWriter.csproj", "{6A6374B2-06B2-4D52-AB24-B8F0D9814712}"
EndProject
Global
	GlobalSection(SolutionConfigurationPlatforms) = preSolution
		Debug|Any CPU = Debug|Any CPU
		Release|Any CPU = Release|Any CPU
	EndGlobalSection
	GlobalSection(ProjectConfigurationPlatforms) = postSolution
		{4B607A1A-8D7B-44D8-AC37-B064869C3380}.Debug|Any CPU.ActiveCfg = Debug|Any CPU
		{4B607A1A-8D7B-44D8-AC37-B064869C3380}.Debug|Any CPU.Build.0 = Debug|Any CPU
		{4B607A1A-8D7B-44D8-AC37-B064869C3380}.Release|Any CPU.ActiveCfg = Release|Any CPU
		{4B607A1A-8D7B-44D8-AC37-B064869C3380}.Release|Any CPU.Build.0 = Release|Any CPU
		{22B62F4A-5ACC-4A75-B332-3CB578F480AC}.Debug|Any CPU.ActiveCfg = Debug|Any CPU
		{22B62F4A-5ACC-4A75-B332-3CB578F480AC}.Debug|Any CPU.Build.0 = Debug|Any CPU
		{22B62F4A-5ACC-4A75-B332-3CB578F480AC}.Release|Any CPU.ActiveCfg = Release|Any CPU
		{22B62F4A-5ACC-4A75-B332-3CB578F480AC}.Release|Any CPU.Build.0 = Release|Any CPU
		{947287EA-82AC-45ED-81BF-661775912AC1}.Debug|Any CPU.ActiveCfg = Debug|Any CPU
		{947287EA-82AC-45ED-81BF-661775912AC1}.Debug|Any CPU.Build.0 = Debug|Any CPU
		{947287EA-82AC-45ED-81BF-661775912AC1}.Release|Any CPU.ActiveCfg = Release|Any CPU
		{947287EA-82AC-45ED-81BF-661775912AC1}.Release|Any CPU.Build.0 = Release|Any CPU
		{7C52AFF0-F062-4E1F-A854-89E3EDD727B5}.Debug|Any CPU.ActiveCfg = Debug|Any CPU
		{7C52AFF0-F062-4E1F-A854-89E3EDD727B5}.Debug|Any CPU.Build.0 = Debug|Any CPU
		{7C52AFF0-F062-4E1F-A854-89E3EDD727B5}.Release|Any CPU.ActiveCfg = Release|Any CPU
		{7C52AFF0-F062-4E1F-A854-89E3EDD727B5}.Release|Any CPU.Build.0 = Release|Any CPU
		{5BA884D0-6EAE-4904-B078-33D2285956C5}.Debug|Any CPU.ActiveCfg = Debug|Any CPU
		{5BA884D0-6EAE-4904-B078-33D2285956C5}.Debug|Any CPU.Build.0 = Debug|Any CPU
		{5BA884D0-6EAE-4904-B078-33D2285956C5}.Release|Any CPU.ActiveCfg = Release|Any CPU
		{5BA884D0-6EAE-4904-B078-33D2285956C5}.Release|Any CPU.Build.0 = Release|Any CPU
		{31E6B202-AC34-4202-A362-0D6C213F706D}.Debug|Any CPU.ActiveCfg = Debug|Any CPU
		{31E6B202-AC34-4202-A362-0D6C213F706D}.Debug|Any CPU.Build.0 = Debug|Any CPU
		{31E6B202-AC34-4202-A362-0D6C213F706D}.Release|Any CPU.ActiveCfg = Release|Any CPU
		{31E6B202-AC34-4202-A362-0D6C213F706D}.Release|Any CPU.Build.0 = Release|Any CPU
		{6A6374B2-06B2-4D52-AB24-B8F0D9814712}.Debug|Any CPU.ActiveCfg = Debug|Any CPU
		{6A6374B2-06B2-4D52-AB24-B8F0D9814712}.Debug|Any CPU.Build.0 = Debug|Any CPU
		{6A6374B2-06B2-4D52-AB24-B8F0D9814712}.Release|Any CPU.ActiveCfg = Release|Any CPU
		{6A6374B2-06B2-4D52-AB24-B8F0D9814712}.Release|Any CPU.Build.0 = Release|Any CPU
	EndGlobalSection
	GlobalSection(SolutionProperties) = preSolution
		HideSolutionNode = FALSE
	EndGlobalSection
	GlobalSection(ExtensibilityGlobals) = postSolution
		SolutionGuid = {B21A19F2-2C8A-43C8-AAA8-2E65E7692B0F}
	EndGlobalSection
EndGlobal
